// !$*UTF8*$!
{
	archiveVersion = 1;
	classes = {
	};
	objectVersion = 50;
	objects = {

/* Begin PBXBuildFile section */
		EE34161D2214E20400E6F9DC /* AppDelegate.swift in Sources */ = {isa = PBXBuildFile; fileRef = EE34161C2214E20400E6F9DC /* AppDelegate.swift */; };
		EE34161F2214E20400E6F9DC /* ViewController.swift in Sources */ = {isa = PBXBuildFile; fileRef = EE34161E2214E20400E6F9DC /* ViewController.swift */; };
		EE3416222214E20400E6F9DC /* Main.storyboard in Resources */ = {isa = PBXBuildFile; fileRef = EE3416202214E20400E6F9DC /* Main.storyboard */; };
		EE3416242214E20500E6F9DC /* Assets.xcassets in Resources */ = {isa = PBXBuildFile; fileRef = EE3416232214E20500E6F9DC /* Assets.xcassets */; };
		EE3416272214E20500E6F9DC /* LaunchScreen.storyboard in Resources */ = {isa = PBXBuildFile; fileRef = EE3416252214E20500E6F9DC /* LaunchScreen.storyboard */; };
		EE3416322214E20500E6F9DC /* FlixTests.swift in Sources */ = {isa = PBXBuildFile; fileRef = EE3416312214E20500E6F9DC /* FlixTests.swift */; };
		EE34163D2214E20500E6F9DC /* FlixUITests.swift in Sources */ = {isa = PBXBuildFile; fileRef = EE34163C2214E20500E6F9DC /* FlixUITests.swift */; };
/* End PBXBuildFile section */

/* Begin PBXContainerItemProxy section */
		EE34162E2214E20500E6F9DC /* PBXContainerItemProxy */ = {
			isa = PBXContainerItemProxy;
			containerPortal = EE3416112214E20400E6F9DC /* Project object */;
			proxyType = 1;
			remoteGlobalIDString = EE3416182214E20400E6F9DC;
			remoteInfo = Flix;
		};
		EE3416392214E20500E6F9DC /* PBXContainerItemProxy */ = {
			isa = PBXContainerItemProxy;
			containerPortal = EE3416112214E20400E6F9DC /* Project object */;
			proxyType = 1;
			remoteGlobalIDString = EE3416182214E20400E6F9DC;
			remoteInfo = Flix;
		};
/* End PBXContainerItemProxy section */

/* Begin PBXFileReference section */
		EE3416192214E20400E6F9DC /* Flix.app */ = {isa = PBXFileReference; explicitFileType = wrapper.application; includeInIndex = 0; path = Flix.app; sourceTree = BUILT_PRODUCTS_DIR; };
		EE34161C2214E20400E6F9DC /* AppDelegate.swift */ = {isa = PBXFileReference; lastKnownFileType = sourcecode.swift; path = AppDelegate.swift; sourceTree = "<group>"; };
		EE34161E2214E20400E6F9DC /* ViewController.swift */ = {isa = PBXFileReference; lastKnownFileType = sourcecode.swift; path = ViewController.swift; sourceTree = "<group>"; };
		EE3416212214E20400E6F9DC /* Base */ = {isa = PBXFileReference; lastKnownFileType = file.storyboard; name = Base; path = Base.lproj/Main.storyboard; sourceTree = "<group>"; };
		EE3416232214E20500E6F9DC /* Assets.xcassets */ = {isa = PBXFileReference; lastKnownFileType = folder.assetcatalog; path = Assets.xcassets; sourceTree = "<group>"; };
		EE3416262214E20500E6F9DC /* Base */ = {isa = PBXFileReference; lastKnownFileType = file.storyboard; name = Base; path = Base.lproj/LaunchScreen.storyboard; sourceTree = "<group>"; };
		EE3416282214E20500E6F9DC /* Info.plist */ = {isa = PBXFileReference; lastKnownFileType = text.plist.xml; path = Info.plist; sourceTree = "<group>"; };
		EE34162D2214E20500E6F9DC /* FlixTests.xctest */ = {isa = PBXFileReference; explicitFileType = wrapper.cfbundle; includeInIndex = 0; path = FlixTests.xctest; sourceTree = BUILT_PRODUCTS_DIR; };
		EE3416312214E20500E6F9DC /* FlixTests.swift */ = {isa = PBXFileReference; lastKnownFileType = sourcecode.swift; path = FlixTests.swift; sourceTree = "<group>"; };
		EE3416332214E20500E6F9DC /* Info.plist */ = {isa = PBXFileReference; lastKnownFileType = text.plist.xml; path = Info.plist; sourceTree = "<group>"; };
		EE3416382214E20500E6F9DC /* FlixUITests.xctest */ = {isa = PBXFileReference; explicitFileType = wrapper.cfbundle; includeInIndex = 0; path = FlixUITests.xctest; sourceTree = BUILT_PRODUCTS_DIR; };
		EE34163C2214E20500E6F9DC /* FlixUITests.swift */ = {isa = PBXFileReference; lastKnownFileType = sourcecode.swift; path = FlixUITests.swift; sourceTree = "<group>"; };
		EE34163E2214E20500E6F9DC /* Info.plist */ = {isa = PBXFileReference; lastKnownFileType = text.plist.xml; path = Info.plist; sourceTree = "<group>"; };
/* End PBXFileReference section */

/* Begin PBXFrameworksBuildPhase section */
		EE3416162214E20400E6F9DC /* Frameworks */ = {
			isa = PBXFrameworksBuildPhase;
			buildActionMask = 2147483647;
			files = (
			);
			runOnlyForDeploymentPostprocessing = 0;
		};
		EE34162A2214E20500E6F9DC /* Frameworks */ = {
			isa = PBXFrameworksBuildPhase;
			buildActionMask = 2147483647;
			files = (
			);
			runOnlyForDeploymentPostprocessing = 0;
		};
		EE3416352214E20500E6F9DC /* Frameworks */ = {
			isa = PBXFrameworksBuildPhase;
			buildActionMask = 2147483647;
			files = (
			);
			runOnlyForDeploymentPostprocessing = 0;
		};
/* End PBXFrameworksBuildPhase section */

/* Begin PBXGroup section */
		EE3416102214E20400E6F9DC = {
			isa = PBXGroup;
			children = (
				EE34161B2214E20400E6F9DC /* Flix */,
				EE3416302214E20500E6F9DC /* FlixTests */,
				EE34163B2214E20500E6F9DC /* FlixUITests */,
				EE34161A2214E20400E6F9DC /* Products */,
			);
			sourceTree = "<group>";
		};
		EE34161A2214E20400E6F9DC /* Products */ = {
			isa = PBXGroup;
			children = (
				EE3416192214E20400E6F9DC /* Flix.app */,
				EE34162D2214E20500E6F9DC /* FlixTests.xctest */,
				EE3416382214E20500E6F9DC /* FlixUITests.xctest */,
			);
			name = Products;
			sourceTree = "<group>";
		};
		EE34161B2214E20400E6F9DC /* Flix */ = {
			isa = PBXGroup;
			children = (
				EE34161C2214E20400E6F9DC /* AppDelegate.swift */,
				EE34161E2214E20400E6F9DC /* ViewController.swift */,
				EE3416202214E20400E6F9DC /* Main.storyboard */,
				EE3416232214E20500E6F9DC /* Assets.xcassets */,
				EE3416252214E20500E6F9DC /* LaunchScreen.storyboard */,
				EE3416282214E20500E6F9DC /* Info.plist */,
			);
			path = Flix;
			sourceTree = "<group>";
		};
		EE3416302214E20500E6F9DC /* FlixTests */ = {
			isa = PBXGroup;
			children = (
				EE3416312214E20500E6F9DC /* FlixTests.swift */,
				EE3416332214E20500E6F9DC /* Info.plist */,
			);
			path = FlixTests;
			sourceTree = "<group>";
		};
		EE34163B2214E20500E6F9DC /* FlixUITests */ = {
			isa = PBXGroup;
			children = (
				EE34163C2214E20500E6F9DC /* FlixUITests.swift */,
				EE34163E2214E20500E6F9DC /* Info.plist */,
			);
			path = FlixUITests;
			sourceTree = "<group>";
		};
/* End PBXGroup section */

/* Begin PBXNativeTarget section */
		EE3416182214E20400E6F9DC /* Flix */ = {
			isa = PBXNativeTarget;
			buildConfigurationList = EE3416412214E20500E6F9DC /* Build configuration list for PBXNativeTarget "Flix" */;
			buildPhases = (
				EE3416152214E20400E6F9DC /* Sources */,
				EE3416162214E20400E6F9DC /* Frameworks */,
				EE3416172214E20400E6F9DC /* Resources */,
			);
			buildRules = (
			);
			dependencies = (
			);
			name = Flix;
			productName = Flix;
			productReference = EE3416192214E20400E6F9DC /* Flix.app */;
			productType = "com.apple.product-type.application";
		};
		EE34162C2214E20500E6F9DC /* FlixTests */ = {
			isa = PBXNativeTarget;
			buildConfigurationList = EE3416442214E20500E6F9DC /* Build configuration list for PBXNativeTarget "FlixTests" */;
			buildPhases = (
				EE3416292214E20500E6F9DC /* Sources */,
				EE34162A2214E20500E6F9DC /* Frameworks */,
				EE34162B2214E20500E6F9DC /* Resources */,
			);
			buildRules = (
			);
			dependencies = (
				EE34162F2214E20500E6F9DC /* PBXTargetDependency */,
			);
			name = FlixTests;
			productName = FlixTests;
			productReference = EE34162D2214E20500E6F9DC /* FlixTests.xctest */;
			productType = "com.apple.product-type.bundle.unit-test";
		};
		EE3416372214E20500E6F9DC /* FlixUITests */ = {
			isa = PBXNativeTarget;
			buildConfigurationList = EE3416472214E20500E6F9DC /* Build configuration list for PBXNativeTarget "FlixUITests" */;
			buildPhases = (
				EE3416342214E20500E6F9DC /* Sources */,
				EE3416352214E20500E6F9DC /* Frameworks */,
				EE3416362214E20500E6F9DC /* Resources */,
			);
			buildRules = (
			);
			dependencies = (
				EE34163A2214E20500E6F9DC /* PBXTargetDependency */,
			);
			name = FlixUITests;
			productName = FlixUITests;
			productReference = EE3416382214E20500E6F9DC /* FlixUITests.xctest */;
			productType = "com.apple.product-type.bundle.ui-testing";
		};
/* End PBXNativeTarget section */

/* Begin PBXProject section */
		EE3416112214E20400E6F9DC /* Project object */ = {
			isa = PBXProject;
			attributes = {
				LastSwiftUpdateCheck = 1010;
				LastUpgradeCheck = 1010;
				ORGANIZATIONNAME = "Donald Truong";
				TargetAttributes = {
					EE3416182214E20400E6F9DC = {
						CreatedOnToolsVersion = 10.1;
					};
					EE34162C2214E20500E6F9DC = {
						CreatedOnToolsVersion = 10.1;
						TestTargetID = EE3416182214E20400E6F9DC;
					};
					EE3416372214E20500E6F9DC = {
						CreatedOnToolsVersion = 10.1;
						TestTargetID = EE3416182214E20400E6F9DC;
					};
				};
			};
			buildConfigurationList = EE3416142214E20400E6F9DC /* Build configuration list for PBXProject "Flix" */;
			compatibilityVersion = "Xcode 9.3";
			developmentRegion = en;
			hasScannedForEncodings = 0;
			knownRegions = (
				en,
				Base,
			);
			mainGroup = EE3416102214E20400E6F9DC;
			productRefGroup = EE34161A2214E20400E6F9DC /* Products */;
			projectDirPath = "";
			projectRoot = "";
			targets = (
				EE3416182214E20400E6F9DC /* Flix */,
				EE34162C2214E20500E6F9DC /* FlixTests */,
				EE3416372214E20500E6F9DC /* FlixUITests */,
			);
		};
/* End PBXProject section */

/* Begin PBXResourcesBuildPhase section */
		EE3416172214E20400E6F9DC /* Resources */ = {
			isa = PBXResourcesBuildPhase;
			buildActionMask = 2147483647;
			files = (
				EE3416272214E20500E6F9DC /* LaunchScreen.storyboard in Resources */,
				EE3416242214E20500E6F9DC /* Assets.xcassets in Resources */,
				EE3416222214E20400E6F9DC /* Main.storyboard in Resources */,
			);
			runOnlyForDeploymentPostprocessing = 0;
		};
		EE34162B2214E20500E6F9DC /* Resources */ = {
			isa = PBXResourcesBuildPhase;
			buildActionMask = 2147483647;
			files = (
			);
			runOnlyForDeploymentPostprocessing = 0;
		};
		EE3416362214E20500E6F9DC /* Resources */ = {
			isa = PBXResourcesBuildPhase;
			buildActionMask = 2147483647;
			files = (
			);
			runOnlyForDeploymentPostprocessing = 0;
		};
/* End PBXResourcesBuildPhase section */

/* Begin PBXSourcesBuildPhase section */
		EE3416152214E20400E6F9DC /* Sources */ = {
			isa = PBXSourcesBuildPhase;
			buildActionMask = 2147483647;
			files = (
				EE34161F2214E20400E6F9DC /* ViewController.swift in Sources */,
				EE34161D2214E20400E6F9DC /* AppDelegate.swift in Sources */,
			);
			runOnlyForDeploymentPostprocessing = 0;
		};
		EE3416292214E20500E6F9DC /* Sources */ = {
			isa = PBXSourcesBuildPhase;
			buildActionMask = 2147483647;
			files = (
				EE3416322214E20500E6F9DC /* FlixTests.swift in Sources */,
			);
			runOnlyForDeploymentPostprocessing = 0;
		};
		EE3416342214E20500E6F9DC /* Sources */ = {
			isa = PBXSourcesBuildPhase;
			buildActionMask = 2147483647;
			files = (
				EE34163D2214E20500E6F9DC /* FlixUITests.swift in Sources */,
			);
			runOnlyForDeploymentPostprocessing = 0;
		};
/* End PBXSourcesBuildPhase section */

/* Begin PBXTargetDependency section */
		EE34162F2214E20500E6F9DC /* PBXTargetDependency */ = {
			isa = PBXTargetDependency;
			target = EE3416182214E20400E6F9DC /* Flix */;
			targetProxy = EE34162E2214E20500E6F9DC /* PBXContainerItemProxy */;
		};
		EE34163A2214E20500E6F9DC /* PBXTargetDependency */ = {
			isa = PBXTargetDependency;
			target = EE3416182214E20400E6F9DC /* Flix */;
			targetProxy = EE3416392214E20500E6F9DC /* PBXContainerItemProxy */;
		};
/* End PBXTargetDependency section */

/* Begin PBXVariantGroup section */
		EE3416202214E20400E6F9DC /* Main.storyboard */ = {
			isa = PBXVariantGroup;
			children = (
				EE3416212214E20400E6F9DC /* Base */,
			);
			name = Main.storyboard;
			sourceTree = "<group>";
		};
		EE3416252214E20500E6F9DC /* LaunchScreen.storyboard */ = {
			isa = PBXVariantGroup;
			children = (
				EE3416262214E20500E6F9DC /* Base */,
			);
			name = LaunchScreen.storyboard;
			sourceTree = "<group>";
		};
/* End PBXVariantGroup section */

/* Begin XCBuildConfiguration section */
		EE34163F2214E20500E6F9DC /* Debug */ = {
			isa = XCBuildConfiguration;
			buildSettings = {
				ALWAYS_SEARCH_USER_PATHS = NO;
				CLANG_ANALYZER_NONNULL = YES;
				CLANG_ANALYZER_NUMBER_OBJECT_CONVERSION = YES_AGGRESSIVE;
				CLANG_CXX_LANGUAGE_STANDARD = "gnu++14";
				CLANG_CXX_LIBRARY = "libc++";
				CLANG_ENABLE_MODULES = YES;
				CLANG_ENABLE_OBJC_ARC = YES;
				CLANG_ENABLE_OBJC_WEAK = YES;
				CLANG_WARN_BLOCK_CAPTURE_AUTORELEASING = YES;
				CLANG_WARN_BOOL_CONVERSION = YES;
				CLANG_WARN_COMMA = YES;
				CLANG_WARN_CONSTANT_CONVERSION = YES;
				CLANG_WARN_DEPRECATED_OBJC_IMPLEMENTATIONS = YES;
				CLANG_WARN_DIRECT_OBJC_ISA_USAGE = YES_ERROR;
				CLANG_WARN_DOCUMENTATION_COMMENTS = YES;
				CLANG_WARN_EMPTY_BODY = YES;
				CLANG_WARN_ENUM_CONVERSION = YES;
				CLANG_WARN_INFINITE_RECURSION = YES;
				CLANG_WARN_INT_CONVERSION = YES;
				CLANG_WARN_NON_LITERAL_NULL_CONVERSION = YES;
				CLANG_WARN_OBJC_IMPLICIT_RETAIN_SELF = YES;
				CLANG_WARN_OBJC_LITERAL_CONVERSION = YES;
				CLANG_WARN_OBJC_ROOT_CLASS = YES_ERROR;
				CLANG_WARN_RANGE_LOOP_ANALYSIS = YES;
				CLANG_WARN_STRICT_PROTOTYPES = YES;
				CLANG_WARN_SUSPICIOUS_MOVE = YES;
				CLANG_WARN_UNGUARDED_AVAILABILITY = YES_AGGRESSIVE;
				CLANG_WARN_UNREACHABLE_CODE = YES;
				CLANG_WARN__DUPLICATE_METHOD_MATCH = YES;
				CODE_SIGN_IDENTITY = "iPhone Developer";
				COPY_PHASE_STRIP = NO;
				DEBUG_INFORMATION_FORMAT = dwarf;
				ENABLE_STRICT_OBJC_MSGSEND = YES;
				ENABLE_TESTABILITY = YES;
				GCC_C_LANGUAGE_STANDARD = gnu11;
				GCC_DYNAMIC_NO_PIC = NO;
				GCC_NO_COMMON_BLOCKS = YES;
				GCC_OPTIMIZATION_LEVEL = 0;
				GCC_PREPROCESSOR_DEFINITIONS = (
					"DEBUG=1",
					"$(inherited)",
				);
				GCC_WARN_64_TO_32_BIT_CONVERSION = YES;
				GCC_WARN_ABOUT_RETURN_TYPE = YES_ERROR;
				GCC_WARN_UNDECLARED_SELECTOR = YES;
				GCC_WARN_UNINITIALIZED_AUTOS = YES_AGGRESSIVE;
				GCC_WARN_UNUSED_FUNCTION = YES;
				GCC_WARN_UNUSED_VARIABLE = YES;
				IPHONEOS_DEPLOYMENT_TARGET = 12.1;
				MTL_ENABLE_DEBUG_INFO = INCLUDE_SOURCE;
				MTL_FAST_MATH = YES;
				ONLY_ACTIVE_ARCH = YES;
				SDKROOT = iphoneos;
				SWIFT_ACTIVE_COMPILATION_CONDITIONS = DEBUG;
				SWIFT_OPTIMIZATION_LEVEL = "-Onone";
			};
			name = Debug;
		};
		EE3416402214E20500E6F9DC /* Release */ = {
			isa = XCBuildConfiguration;
			buildSettings = {
				ALWAYS_SEARCH_USER_PATHS = NO;
				CLANG_ANALYZER_NONNULL = YES;
				CLANG_ANALYZER_NUMBER_OBJECT_CONVERSION = YES_AGGRESSIVE;
				CLANG_CXX_LANGUAGE_STANDARD = "gnu++14";
				CLANG_CXX_LIBRARY = "libc++";
				CLANG_ENABLE_MODULES = YES;
				CLANG_ENABLE_OBJC_ARC = YES;
				CLANG_ENABLE_OBJC_WEAK = YES;
				CLANG_WARN_BLOCK_CAPTURE_AUTORELEASING = YES;
				CLANG_WARN_BOOL_CONVERSION = YES;
				CLANG_WARN_COMMA = YES;
				CLANG_WARN_CONSTANT_CONVERSION = YES;
				CLANG_WARN_DEPRECATED_OBJC_IMPLEMENTATIONS = YES;
				CLANG_WARN_DIRECT_OBJC_ISA_USAGE = YES_ERROR;
				CLANG_WARN_DOCUMENTATION_COMMENTS = YES;
				CLANG_WARN_EMPTY_BODY = YES;
				CLANG_WARN_ENUM_CONVERSION = YES;
				CLANG_WARN_INFINITE_RECURSION = YES;
				CLANG_WARN_INT_CONVERSION = YES;
				CLANG_WARN_NON_LITERAL_NULL_CONVERSION = YES;
				CLANG_WARN_OBJC_IMPLICIT_RETAIN_SELF = YES;
				CLANG_WARN_OBJC_LITERAL_CONVERSION = YES;
				CLANG_WARN_OBJC_ROOT_CLASS = YES_ERROR;
				CLANG_WARN_RANGE_LOOP_ANALYSIS = YES;
				CLANG_WARN_STRICT_PROTOTYPES = YES;
				CLANG_WARN_SUSPICIOUS_MOVE = YES;
				CLANG_WARN_UNGUARDED_AVAILABILITY = YES_AGGRESSIVE;
				CLANG_WARN_UNREACHABLE_CODE = YES;
				CLANG_WARN__DUPLICATE_METHOD_MATCH = YES;
				CODE_SIGN_IDENTITY = "iPhone Developer";
				COPY_PHASE_STRIP = NO;
				DEBUG_INFORMATION_FORMAT = "dwarf-with-dsym";
				ENABLE_NS_ASSERTIONS = NO;
				ENABLE_STRICT_OBJC_MSGSEND = YES;
				GCC_C_LANGUAGE_STANDARD = gnu11;
				GCC_NO_COMMON_BLOCKS = YES;
				GCC_WARN_64_TO_32_BIT_CONVERSION = YES;
				GCC_WARN_ABOUT_RETURN_TYPE = YES_ERROR;
				GCC_WARN_UNDECLARED_SELECTOR = YES;
				GCC_WARN_UNINITIALIZED_AUTOS = YES_AGGRESSIVE;
				GCC_WARN_UNUSED_FUNCTION = YES;
				GCC_WARN_UNUSED_VARIABLE = YES;
				IPHONEOS_DEPLOYMENT_TARGET = 12.1;
				MTL_ENABLE_DEBUG_INFO = NO;
				MTL_FAST_MATH = YES;
				SDKROOT = iphoneos;
				SWIFT_COMPILATION_MODE = wholemodule;
				SWIFT_OPTIMIZATION_LEVEL = "-O";
				VALIDATE_PRODUCT = YES;
			};
			name = Release;
		};
		EE3416422214E20500E6F9DC /* Debug */ = {
			isa = XCBuildConfiguration;
			buildSettings = {
				ASSETCATALOG_COMPILER_APPICON_NAME = AppIcon;
				CODE_SIGN_STYLE = Automatic;
				DEVELOPMENT_TEAM = XK3XEMQF66;
				INFOPLIST_FILE = Flix/Info.plist;
				LD_RUNPATH_SEARCH_PATHS = (
					"$(inherited)",
					"@executable_path/Frameworks",
				);
				PRODUCT_BUNDLE_IDENTIFIER = "Donald-Truong.Flix";
				PRODUCT_NAME = "$(TARGET_NAME)";
				SWIFT_VERSION = 4.2;
				TARGETED_DEVICE_FAMILY = "1,2";
			};
			name = Debug;
		};
		EE3416432214E20500E6F9DC /* Release */ = {
			isa = XCBuildConfiguration;
			buildSettings = {
				ASSETCATALOG_COMPILER_APPICON_NAME = AppIcon;
				CODE_SIGN_STYLE = Automatic;
				DEVELOPMENT_TEAM = XK3XEMQF66;
				INFOPLIST_FILE = Flix/Info.plist;
				LD_RUNPATH_SEARCH_PATHS = (
					"$(inherited)",
					"@executable_path/Frameworks",
				);
				PRODUCT_BUNDLE_IDENTIFIER = "Donald-Truong.Flix";
				PRODUCT_NAME = "$(TARGET_NAME)";
				SWIFT_VERSION = 4.2;
				TARGETED_DEVICE_FAMILY = "1,2";
			};
			name = Release;
		};
		EE3416452214E20500E6F9DC /* Debug */ = {
			isa = XCBuildConfiguration;
			buildSettings = {
				ALWAYS_EMBED_SWIFT_STANDARD_LIBRARIES = YES;
				BUNDLE_LOADER = "$(TEST_HOST)";
				CODE_SIGN_STYLE = Automatic;
				DEVELOPMENT_TEAM = XK3XEMQF66;
				INFOPLIST_FILE = FlixTests/Info.plist;
				LD_RUNPATH_SEARCH_PATHS = (
					"$(inherited)",
					"@executable_path/Frameworks",
					"@loader_path/Frameworks",
				);
				PRODUCT_BUNDLE_IDENTIFIER = "Donald-Truong.FlixTests";
				PRODUCT_NAME = "$(TARGET_NAME)";
				SWIFT_VERSION = 4.2;
				TARGETED_DEVICE_FAMILY = "1,2";
				TEST_HOST = "$(BUILT_PRODUCTS_DIR)/Flix.app/Flix";
			};
			name = Debug;
		};
		EE3416462214E20500E6F9DC /* Release */ = {
			isa = XCBuildConfiguration;
			buildSettings = {
				ALWAYS_EMBED_SWIFT_STANDARD_LIBRARIES = YES;
				BUNDLE_LOADER = "$(TEST_HOST)";
				CODE_SIGN_STYLE = Automatic;
				DEVELOPMENT_TEAM = XK3XEMQF66;
				INFOPLIST_FILE = FlixTests/Info.plist;
				LD_RUNPATH_SEARCH_PATHS = (
					"$(inherited)",
					"@executable_path/Frameworks",
					"@loader_path/Frameworks",
				);
				PRODUCT_BUNDLE_IDENTIFIER = "Donald-Truong.FlixTests";
				PRODUCT_NAME = "$(TARGET_NAME)";
				SWIFT_VERSION = 4.2;
				TARGETED_DEVICE_FAMILY = "1,2";
				TEST_HOST = "$(BUILT_PRODUCTS_DIR)/Flix.app/Flix";
			};
			name = Release;
		};
		EE3416482214E20500E6F9DC /* Debug */ = {
			isa = XCBuildConfiguration;
			buildSettings = {
				ALWAYS_EMBED_SWIFT_STANDARD_LIBRARIES = YES;
				CODE_SIGN_STYLE = Automatic;
				DEVELOPMENT_TEAM = XK3XEMQF66;
				INFOPLIST_FILE = FlixUITests/Info.plist;
				LD_RUNPATH_SEARCH_PATHS = (
					"$(inherited)",
					"@executable_path/Frameworks",
					"@loader_path/Frameworks",
				);
				PRODUCT_BUNDLE_IDENTIFIER = "Donald-Truong.FlixUITests";
				PRODUCT_NAME = "$(TARGET_NAME)";
				SWIFT_VERSION = 4.2;
				TARGETED_DEVICE_FAMILY = "1,2";
				TEST_TARGET_NAME = Flix;
			};
			name = Debug;
		};
		EE3416492214E20500E6F9DC /* Release */ = {
			isa = XCBuildConfiguration;
			buildSettings = {
				ALWAYS_EMBED_SWIFT_STANDARD_LIBRARIES = YES;
				CODE_SIGN_STYLE = Automatic;
				DEVELOPMENT_TEAM = XK3XEMQF66;
				INFOPLIST_FILE = FlixUITests/Info.plist;
				LD_RUNPATH_SEARCH_PATHS = (
					"$(inherited)",
					"@executable_path/Frameworks",
					"@loader_path/Frameworks",
				);
				PRODUCT_BUNDLE_IDENTIFIER = "Donald-Truong.FlixUITests";
				PRODUCT_NAME = "$(TARGET_NAME)";
				SWIFT_VERSION = 4.2;
				TARGETED_DEVICE_FAMILY = "1,2";
				TEST_TARGET_NAME = Flix;
			};
			name = Release;
		};
/* End XCBuildConfiguration section */

/* Begin XCConfigurationList section */
		EE3416142214E20400E6F9DC /* Build configuration list for PBXProject "Flix" */ = {
			isa = XCConfigurationList;
			buildConfigurations = (
				EE34163F2214E20500E6F9DC /* Debug */,
				EE3416402214E20500E6F9DC /* Release */,
			);
			defaultConfigurationIsVisible = 0;
			defaultConfigurationName = Release;
		};
		EE3416412214E20500E6F9DC /* Build configuration list for PBXNativeTarget "Flix" */ = {
			isa = XCConfigurationList;
			buildConfigurations = (
				EE3416422214E20500E6F9DC /* Debug */,
				EE3416432214E20500E6F9DC /* Release */,
			);
			defaultConfigurationIsVisible = 0;
			defaultConfigurationName = Release;
		};
		EE3416442214E20500E6F9DC /* Build configuration list for PBXNativeTarget "FlixTests" */ = {
			isa = XCConfigurationList;
			buildConfigurations = (
				EE3416452214E20500E6F9DC /* Debug */,
				EE3416462214E20500E6F9DC /* Release */,
			);
			defaultConfigurationIsVisible = 0;
			defaultConfigurationName = Release;
		};
		EE3416472214E20500E6F9DC /* Build configuration list for PBXNativeTarget "FlixUITests" */ = {
			isa = XCConfigurationList;
			buildConfigurations = (
				EE3416482214E20500E6F9DC /* Debug */,
				EE3416492214E20500E6F9DC /* Release */,
			);
			defaultConfigurationIsVisible = 0;
			defaultConfigurationName = Release;
		};
/* End XCConfigurationList section */
	};
	rootObject = EE3416112214E20400E6F9DC /* Project object */;
}
